
Microsoft Visual Studio Solution File, Format Version 12.00
# Visual Studio Version 17
VisualStudioVersion = 17.8.34330.188
MinimumVisualStudioVersion = 10.0.40219.1
Project("{FAE04EC0-301F-11D3-BF4B-00C04F79EFBC}") = "WebApplication9", "WebApplication9\WebApplication9.csproj", "{F81DEC4D-5EAF-458F-8032-9139D847336B}"
EndProject
Global
	GlobalSection(SolutionConfigurationPlatforms) = preSolution
		Debug|Any CPU = Debug|Any CPU
		Release|Any CPU = Release|Any CPU
	EndGlobalSection
	GlobalSection(ProjectConfigurationPlatforms) = postSolution
		{F81DEC4D-5EAF-458F-8032-9139D847336B}.Debug|Any CPU.ActiveCfg = Debug|Any CPU
		{F81DEC4D-5EAF-458F-8032-9139D847336B}.Debug|Any CPU.Build.0 = Debug|Any CPU
		{F81DEC4D-5EAF-458F-8032-9139D847336B}.Release|Any CPU.ActiveCfg = Release|Any CPU
		{F81DEC4D-5EAF-458F-8032-9139D847336B}.Release|Any CPU.Build.0 = Release|Any CPU
	EndGlobalSection
	GlobalSection(SolutionProperties) = preSolution
		HideSolutionNode = FALSE
	EndGlobalSection
	GlobalSection(ExtensibilityGlobals) = postSolution
		SolutionGuid = {11583679-F2E4-4762-9CD1-068DBBB12868}
	EndGlobalSection
EndGlobal
